
Microsoft Visual Studio Solution File, Format Version 12.00
Project("{FAE04EC0-301F-11D3-BF4B-00C04F79EFBC}") = "VikingAchievements", "VikingAchievements.csproj", "{B7E8E1FD-089C-4627-AFAF-E47D2492F799}"
EndProject
Project("{FAE04EC0-301F-11D3-BF4B-00C04F79EFBC}") = "Tests", "Tests\Tests.csproj", "{384EEB41-9F11-44A9-99A4-F08959CD9A4E}"
EndProject
Global
	GlobalSection(SolutionConfigurationPlatforms) = preSolution
		Debug|Any CPU = Debug|Any CPU
		Release|Any CPU = Release|Any CPU
	EndGlobalSection
	GlobalSection(ProjectConfigurationPlatforms) = postSolution
		{B7E8E1FD-089C-4627-AFAF-E47D2492F799}.Debug|Any CPU.ActiveCfg = Debug|x64
		{B7E8E1FD-089C-4627-AFAF-E47D2492F799}.Debug|Any CPU.Build.0 = Debug|x64
		{B7E8E1FD-089C-4627-AFAF-E47D2492F799}.Release|Any CPU.ActiveCfg = Debug|x64
		{B7E8E1FD-089C-4627-AFAF-E47D2492F799}.Release|Any CPU.Build.0 = Debug|x64
		{384EEB41-9F11-44A9-99A4-F08959CD9A4E}.Debug|Any CPU.ActiveCfg = Debug|x64
		{384EEB41-9F11-44A9-99A4-F08959CD9A4E}.Debug|Any CPU.Build.0 = Debug|x64
		{384EEB41-9F11-44A9-99A4-F08959CD9A4E}.Release|Any CPU.ActiveCfg = Debug|x64
		{384EEB41-9F11-44A9-99A4-F08959CD9A4E}.Release|Any CPU.Build.0 = Debug|x64
	EndGlobalSection
EndGlobal
